
Microsoft Visual Studio Solution File, Format Version 12.00
# Visual Studio Version 16
VisualStudioVersion = 16.0.29009.5
MinimumVisualStudioVersion = 10.0.40219.1
Project("{FAE04EC0-301F-11D3-BF4B-00C04F79EFBC}") = "xLog", "xLog\xLog.csproj", "{9D174229-3820-4C39-B40C-601774BD5BF1}"
EndProject
Global
	GlobalSection(SolutionConfigurationPlatforms) = preSolution
		Debug|Any CPU = Debug|Any CPU
		Release|Any CPU = Release|Any CPU
	EndGlobalSection
	GlobalSection(ProjectConfigurationPlatforms) = postSolution
		{9D174229-3820-4C39-B40C-601774BD5BF1}.Debug|Any CPU.ActiveCfg = Debug|Any CPU
		{9D174229-3820-4C39-B40C-601774BD5BF1}.Debug|Any CPU.Build.0 = Debug|Any CPU
		{9D174229-3820-4C39-B40C-601774BD5BF1}.Release|Any CPU.ActiveCfg = Release|Any CPU
		{9D174229-3820-4C39-B40C-601774BD5BF1}.Release|Any CPU.Build.0 = Release|Any CPU
	EndGlobalSection
	GlobalSection(SolutionProperties) = preSolution
		HideSolutionNode = FALSE
	EndGlobalSection
	GlobalSection(ExtensibilityGlobals) = postSolution
		SolutionGuid = {04F147D6-1983-4DD6-88FE-90E73EC75B4C}
	EndGlobalSection
EndGlobal
